
Microsoft Visual Studio Solution File, Format Version 12.00
# Visual Studio Version 16
VisualStudioVersion = 16.0.31005.135
MinimumVisualStudioVersion = 10.0.40219.1
Project("{FAE04EC0-301F-11D3-BF4B-00C04F79EFBC}") = "Bajer_Billiard.UWP", "Bajer_Billiard.UWP\Bajer_Billiard.UWP.csproj", "{2BC1D010-1247-484C-857A-DEE53C912F48}"
EndProject
Project("{FAE04EC0-301F-11D3-BF4B-00C04F79EFBC}") = "Bajer_Billiard.Android", "Bajer_Billiard.Android\Bajer_Billiard.Android.csproj", "{F3D5BD03-45D8-4F28-8676-5069161F8C6D}"
EndProject
Project("{FAE04EC0-301F-11D3-BF4B-00C04F79EFBC}") = "Bajer_Billiard.iOS", "Bajer_Billiard.iOS\Bajer_Billiard.iOS.csproj", "{9447AE0B-216A-4855-8627-C6C56776D8DF}"
EndProject
Project("{FAE04EC0-301F-11D3-BF4B-00C04F79EFBC}") = "Bajer_Billiard", "Bajer_Billiard\Bajer_Billiard.csproj", "{49852A7F-CC39-4CB0-B262-D0BA8317C013}"
EndProject
Global
	GlobalSection(SolutionConfigurationPlatforms) = preSolution
		Debug|Any CPU = Debug|Any CPU
		Debug|ARM = Debug|ARM
		Debug|iPhone = Debug|iPhone
		Debug|iPhoneSimulator = Debug|iPhoneSimulator
		Debug|x64 = Debug|x64
		Debug|x86 = Debug|x86
		Release|Any CPU = Release|Any CPU
		Release|ARM = Release|ARM
		Release|iPhone = Release|iPhone
		Release|iPhoneSimulator = Release|iPhoneSimulator
		Release|x64 = Release|x64
		Release|x86 = Release|x86
	EndGlobalSection
	GlobalSection(ProjectConfigurationPlatforms) = postSolution
		{2BC1D010-1247-484C-857A-DEE53C912F48}.Debug|Any CPU.ActiveCfg = Debug|x86
		{2BC1D010-1247-484C-857A-DEE53C912F48}.Debug|Any CPU.Build.0 = Debug|x86
		{2BC1D010-1247-484C-857A-DEE53C912F48}.Debug|Any CPU.Deploy.0 = Debug|x86
		{2BC1D010-1247-484C-857A-DEE53C912F48}.Debug|ARM.ActiveCfg = Debug|ARM
		{2BC1D010-1247-484C-857A-DEE53C912F48}.Debug|ARM.Build.0 = Debug|ARM
		{2BC1D010-1247-484C-857A-DEE53C912F48}.Debug|ARM.Deploy.0 = Debug|ARM
		{2BC1D010-1247-484C-857A-DEE53C912F48}.Debug|iPhone.ActiveCfg = Debug|x86
		{2BC1D010-1247-484C-857A-DEE53C912F48}.Debug|iPhone.Build.0 = Debug|x86
		{2BC1D010-1247-484C-857A-DEE53C912F48}.Debug|iPhone.Deploy.0 = Debug|x86
		{2BC1D010-1247-484C-857A-DEE53C912F48}.Debug|iPhoneSimulator.ActiveCfg = Debug|x86
		{2BC1D010-1247-484C-857A-DEE53C912F48}.Debug|iPhoneSimulator.Build.0 = Debug|x86
		{2BC1D010-1247-484C-857A-DEE53C912F48}.Debug|iPhoneSimulator.Deploy.0 = Debug|x86
		{2BC1D010-1247-484C-857A-DEE53C912F48}.Debug|x64.ActiveCfg = Debug|x64
		{2BC1D010-1247-484C-857A-DEE53C912F48}.Debug|x64.Build.0 = Debug|x64
		{2BC1D010-1247-484C-857A-DEE53C912F48}.Debug|x64.Deploy.0 = Debug|x64
		{2BC1D010-1247-484C-857A-DEE53C912F48}.Debug|x86.ActiveCfg = Debug|x86
		{2BC1D010-1247-484C-857A-DEE53C912F48}.Debug|x86.Build.0 = Debug|x86
		{2BC1D010-1247-484C-857A-DEE53C912F48}.Debug|x86.Deploy.0 = Debug|x86
		{2BC1D010-1247-484C-857A-DEE53C912F48}.Release|Any CPU.ActiveCfg = Release|x86
		{2BC1D010-1247-484C-857A-DEE53C912F48}.Release|Any CPU.Build.0 = Release|x86
		{2BC1D010-1247-484C-857A-DEE53C912F48}.Release|Any CPU.Deploy.0 = Release|x86
		{2BC1D010-1247-484C-857A-DEE53C912F48}.Release|ARM.ActiveCfg = Release|ARM
		{2BC1D010-1247-484C-857A-DEE53C912F48}.Release|ARM.Build.0 = Release|ARM
		{2BC1D010-1247-484C-857A-DEE53C912F48}.Release|ARM.Deploy.0 = Release|ARM
		{2BC1D010-1247-484C-857A-DEE53C912F48}.Release|iPhone.ActiveCfg = Release|x86
		{2BC1D010-1247-484C-857A-DEE53C912F48}.Release|iPhone.Build.0 = Release|x86
		{2BC1D010-1247-484C-857A-DEE53C912F48}.Release|iPhone.Deploy.0 = Release|x86
		{2BC1D010-1247-484C-857A-DEE53C912F48}.Release|iPhoneSimulator.ActiveCfg = Release|x86
		{2BC1D010-1247-484C-857A-DEE53C912F48}.Release|iPhoneSimulator.Build.0 = Release|x86
		{2BC1D010-1247-484C-857A-DEE53C912F48}.Release|iPhoneSimulator.Deploy.0 = Release|x86
		{2BC1D010-1247-484C-857A-DEE53C912F48}.Release|x64.ActiveCfg = Release|x64
		{2BC1D010-1247-484C-857A-DEE53C912F48}.Release|x64.Build.0 = Release|x64
		{2BC1D010-1247-484C-857A-DEE53C912F48}.Release|x64.Deploy.0 = Release|x64
		{2BC1D010-1247-484C-857A-DEE53C912F48}.Release|x86.ActiveCfg = Release|x86
		{2BC1D010-1247-484C-857A-DEE53C912F48}.Release|x86.Build.0 = Release|x86
		{2BC1D010-1247-484C-857A-DEE53C912F48}.Release|x86.Deploy.0 = Release|x86
		{F3D5BD03-45D8-4F28-8676-5069161F8C6D}.Debug|Any CPU.ActiveCfg = Debug|Any CPU
		{F3D5BD03-45D8-4F28-8676-5069161F8C6D}.Debug|Any CPU.Build.0 = Debug|Any CPU
		{F3D5BD03-45D8-4F28-8676-5069161F8C6D}.Debug|Any CPU.Deploy.0 = Debug|Any CPU
		{F3D5BD03-45D8-4F28-8676-5069161F8C6D}.Debug|ARM.ActiveCfg = Debug|Any CPU
		{F3D5BD03-45D8-4F28-8676-5069161F8C6D}.Debug|ARM.Build.0 = Debug|Any CPU
		{F3D5BD03-45D8-4F28-8676-5069161F8C6D}.Debug|ARM.Deploy.0 = Debug|Any CPU
		{F3D5BD03-45D8-4F28-8676-5069161F8C6D}.Debug|iPhone.ActiveCfg = Debug|Any CPU
		{F3D5BD03-45D8-4F28-8676-5069161F8C6D}.Debug|iPhone.Build.0 = Debug|Any CPU
		{F3D5BD03-45D8-4F28-8676-5069161F8C6D}.Debug|iPhone.Deploy.0 = Debug|Any CPU
		{F3D5BD03-45D8-4F28-8676-5069161F8C6D}.Debug|iPhoneSimulator.ActiveCfg = Debug|Any CPU
		{F3D5BD03-45D8-4F28-8676-5069161F8C6D}.Debug|iPhoneSimulator.Build.0 = Debug|Any CPU
		{F3D5BD03-45D8-4F28-8676-5069161F8C6D}.Debug|iPhoneSimulator.Deploy.0 = Debug|Any CPU
		{F3D5BD03-45D8-4F28-8676-5069161F8C6D}.Debug|x64.ActiveCfg = Debug|Any CPU
		{F3D5BD03-45D8-4F28-8676-5069161F8C6D}.Debug|x64.Build.0 = Debug|Any CPU
		{F3D5BD03-45D8-4F28-8676-5069161F8C6D}.Debug|x64.Deploy.0 = Debug|Any CPU
		{F3D5BD03-45D8-4F28-8676-5069161F8C6D}.Debug|x86.ActiveCfg = Debug|Any CPU
		{F3D5BD03-45D8-4F28-8676-5069161F8C6D}.Debug|x86.Build.0 = Debug|Any CPU
		{F3D5BD03-45D8-4F28-8676-5069161F8C6D}.Debug|x86.Deploy.0 = Debug|Any CPU
		{F3D5BD03-45D8-4F28-8676-5069161F8C6D}.Release|Any CPU.ActiveCfg = Release|Any CPU
		{F3D5BD03-45D8-4F28-8676-5069161F8C6D}.Release|Any CPU.Build.0 = Release|Any CPU
		{F3D5BD03-45D8-4F28-8676-5069161F8C6D}.Release|Any CPU.Deploy.0 = Release|Any CPU
		{F3D5BD03-45D8-4F28-8676-5069161F8C6D}.Release|ARM.ActiveCfg = Release|Any CPU
		{F3D5BD03-45D8-4F28-8676-5069161F8C6D}.Release|ARM.Build.0 = Release|Any CPU
		{F3D5BD03-45D8-4F28-8676-5069161F8C6D}.Release|ARM.Deploy.0 = Release|Any CPU
		{F3D5BD03-45D8-4F28-8676-5069161F8C6D}.Release|iPhone.ActiveCfg = Release|Any CPU
		{F3D5BD03-45D8-4F28-8676-5069161F8C6D}.Release|iPhone.Build.0 = Release|Any CPU
		{F3D5BD03-45D8-4F28-8676-5069161F8C6D}.Release|iPhone.Deploy.0 = Release|Any CPU
		{F3D5BD03-45D8-4F28-8676-5069161F8C6D}.Release|iPhoneSimulator.ActiveCfg = Release|Any CPU
		{F3D5BD03-45D8-4F28-8676-5069161F8C6D}.Release|iPhoneSimulator.Build.0 = Release|Any CPU
		{F3D5BD03-45D8-4F28-8676-5069161F8C6D}.Release|iPhoneSimulator.Deploy.0 = Release|Any CPU
		{F3D5BD03-45D8-4F28-8676-5069161F8C6D}.Release|x64.ActiveCfg = Release|Any CPU
		{F3D5BD03-45D8-4F28-8676-5069161F8C6D}.Release|x64.Build.0 = Release|Any CPU
		{F3D5BD03-45D8-4F28-8676-5069161F8C6D}.Release|x64.Deploy.0 = Release|Any CPU
		{F3D5BD03-45D8-4F28-8676-5069161F8C6D}.Release|x86.ActiveCfg = Release|Any CPU
		{F3D5BD03-45D8-4F28-8676-5069161F8C6D}.Release|x86.Build.0 = Release|Any CPU
		{F3D5BD03-45D8-4F28-8676-5069161F8C6D}.Release|x86.Deploy.0 = Release|Any CPU
		{9447AE0B-216A-4855-8627-C6C56776D8DF}.Debug|Any CPU.ActiveCfg = Debug|iPhoneSimulator
		{9447AE0B-216A-4855-8627-C6C56776D8DF}.Debug|Any CPU.Build.0 = Debug|iPhoneSimulator
		{9447AE0B-216A-4855-8627-C6C56776D8DF}.Debug|Any CPU.Deploy.0 = Debug|iPhoneSimulator
		{9447AE0B-216A-4855-8627-C6C56776D8DF}.Debug|ARM.ActiveCfg = Debug|iPhone
		{9447AE0B-216A-4855-8627-C6C56776D8DF}.Debug|ARM.Build.0 = Debug|iPhone
		{9447AE0B-216A-4855-8627-C6C56776D8DF}.Debug|ARM.Deploy.0 = Debug|iPhone
		{9447AE0B-216A-4855-8627-C6C56776D8DF}.Debug|iPhone.ActiveCfg = Debug|iPhone
		{9447AE0B-216A-4855-8627-C6C56776D8DF}.Debug|iPhone.Build.0 = Debug|iPhone
		{9447AE0B-216A-4855-8627-C6C56776D8DF}.Debug|iPhone.Deploy.0 = Debug|iPhone
		{9447AE0B-216A-4855-8627-C6C56776D8DF}.Debug|iPhoneSimulator.ActiveCfg = Debug|iPhoneSimulator
		{9447AE0B-216A-4855-8627-C6C56776D8DF}.Debug|iPhoneSimulator.Build.0 = Debug|iPhoneSimulator
		{9447AE0B-216A-4855-8627-C6C56776D8DF}.Debug|iPhoneSimulator.Deploy.0 = Debug|iPhoneSimulator
		{9447AE0B-216A-4855-8627-C6C56776D8DF}.Debug|x64.ActiveCfg = Debug|iPhoneSimulator
		{9447AE0B-216A-4855-8627-C6C56776D8DF}.Debug|x64.Build.0 = Debug|iPhoneSimulator
		{9447AE0B-216A-4855-8627-C6C56776D8DF}.Debug|x64.Deploy.0 = Debug|iPhoneSimulator
		{9447AE0B-216A-4855-8627-C6C56776D8DF}.Debug|x86.ActiveCfg = Debug|iPhoneSimulator
		{9447AE0B-216A-4855-8627-C6C56776D8DF}.Debug|x86.Build.0 = Debug|iPhoneSimulator
		{9447AE0B-216A-4855-8627-C6C56776D8DF}.Debug|x86.Deploy.0 = Debug|iPhoneSimulator
		{9447AE0B-216A-4855-8627-C6C56776D8DF}.Release|Any CPU.ActiveCfg = Release|iPhoneSimulator
		{9447AE0B-216A-4855-8627-C6C56776D8DF}.Release|Any CPU.Build.0 = Release|iPhoneSimulator
		{9447AE0B-216A-4855-8627-C6C56776D8DF}.Release|Any CPU.Deploy.0 = Release|iPhoneSimulator
		{9447AE0B-216A-4855-8627-C6C56776D8DF}.Release|ARM.ActiveCfg = Release|iPhoneSimulator
		{9447AE0B-216A-4855-8627-C6C56776D8DF}.Release|ARM.Build.0 = Release|iPhoneSimulator
		{9447AE0B-216A-4855-8627-C6C56776D8DF}.Release|ARM.Deploy.0 = Release|iPhoneSimulator
		{9447AE0B-216A-4855-8627-C6C56776D8DF}.Release|iPhone.ActiveCfg = Release|iPhone
		{9447AE0B-216A-4855-8627-C6C56776D8DF}.Release|iPhone.Build.0 = Release|iPhone
		{9447AE0B-216A-4855-8627-C6C56776D8DF}.Release|iPhone.Deploy.0 = Release|iPhone
		{9447AE0B-216A-4855-8627-C6C56776D8DF}.Release|iPhoneSimulator.ActiveCfg = Release|iPhoneSimulator
		{9447AE0B-216A-4855-8627-C6C56776D8DF}.Release|iPhoneSimulator.Build.0 = Release|iPhoneSimulator
		{9447AE0B-216A-4855-8627-C6C56776D8DF}.Release|iPhoneSimulator.Deploy.0 = Release|iPhoneSimulator
		{9447AE0B-216A-4855-8627-C6C56776D8DF}.Release|x64.ActiveCfg = Release|iPhoneSimulator
		{9447AE0B-216A-4855-8627-C6C56776D8DF}.Release|x64.Build.0 = Release|iPhoneSimulator
		{9447AE0B-216A-4855-8627-C6C56776D8DF}.Release|x64.Deploy.0 = Release|iPhoneSimulator
		{9447AE0B-216A-4855-8627-C6C56776D8DF}.Release|x86.ActiveCfg = Release|iPhoneSimulator
		{9447AE0B-216A-4855-8627-C6C56776D8DF}.Release|x86.Build.0 = Release|iPhoneSimulator
		{9447AE0B-216A-4855-8627-C6C56776D8DF}.Release|x86.Deploy.0 = Release|iPhoneSimulator
		{49852A7F-CC39-4CB0-B262-D0BA8317C013}.Debug|Any CPU.ActiveCfg = Debug|Any CPU
		{49852A7F-CC39-4CB0-B262-D0BA8317C013}.Debug|Any CPU.Build.0 = Debug|Any CPU
		{49852A7F-CC39-4CB0-B262-D0BA8317C013}.Debug|Any CPU.Deploy.0 = Debug|Any CPU
		{49852A7F-CC39-4CB0-B262-D0BA8317C013}.Debug|ARM.ActiveCfg = Debug|Any CPU
		{49852A7F-CC39-4CB0-B262-D0BA8317C013}.Debug|ARM.Build.0 = Debug|Any CPU
		{49852A7F-CC39-4CB0-B262-D0BA8317C013}.Debug|ARM.Deploy.0 = Debug|Any CPU
		{49852A7F-CC39-4CB0-B262-D0BA8317C013}.Debug|iPhone.ActiveCfg = Debug|Any CPU
		{49852A7F-CC39-4CB0-B262-D0BA8317C013}.Debug|iPhone.Build.0 = Debug|Any CPU
		{49852A7F-CC39-4CB0-B262-D0BA8317C013}.Debug|iPhone.Deploy.0 = Debug|Any CPU
		{49852A7F-CC39-4CB0-B262-D0BA8317C013}.Debug|iPhoneSimulator.ActiveCfg = Debug|Any CPU
		{49852A7F-CC39-4CB0-B262-D0BA8317C013}.Debug|iPhoneSimulator.Build.0 = Debug|Any CPU
		{49852A7F-CC39-4CB0-B262-D0BA8317C013}.Debug|iPhoneSimulator.Deploy.0 = Debug|Any CPU
		{49852A7F-CC39-4CB0-B262-D0BA8317C013}.Debug|x64.ActiveCfg = Debug|Any CPU
		{49852A7F-CC39-4CB0-B262-D0BA8317C013}.Debug|x64.Build.0 = Debug|Any CPU
		{49852A7F-CC39-4CB0-B262-D0BA8317C013}.Debug|x64.Deploy.0 = Debug|Any CPU
		{49852A7F-CC39-4CB0-B262-D0BA8317C013}.Debug|x86.ActiveCfg = Debug|Any CPU
		{49852A7F-CC39-4CB0-B262-D0BA8317C013}.Debug|x86.Build.0 = Debug|Any CPU
		{49852A7F-CC39-4CB0-B262-D0BA8317C013}.Debug|x86.Deploy.0 = Debug|Any CPU
		{49852A7F-CC39-4CB0-B262-D0BA8317C013}.Release|Any CPU.ActiveCfg = Release|Any CPU
		{49852A7F-CC39-4CB0-B262-D0BA8317C013}.Release|Any CPU.Build.0 = Release|Any CPU
		{49852A7F-CC39-4CB0-B262-D0BA8317C013}.Release|Any CPU.Deploy.0 = Release|Any CPU
		{49852A7F-CC39-4CB0-B262-D0BA8317C013}.Release|ARM.ActiveCfg = Release|Any CPU
		{49852A7F-CC39-4CB0-B262-D0BA8317C013}.Release|ARM.Build.0 = Release|Any CPU
		{49852A7F-CC39-4CB0-B262-D0BA8317C013}.Release|ARM.Deploy.0 = Release|Any CPU
		{49852A7F-CC39-4CB0-B262-D0BA8317C013}.Release|iPhone.ActiveCfg = Release|Any CPU
		{49852A7F-CC39-4CB0-B262-D0BA8317C013}.Release|iPhone.Build.0 = Release|Any CPU
		{49852A7F-CC39-4CB0-B262-D0BA8317C013}.Release|iPhone.Deploy.0 = Release|Any CPU
		{49852A7F-CC39-4CB0-B262-D0BA8317C013}.Release|iPhoneSimulator.ActiveCfg = Release|Any CPU
		{49852A7F-CC39-4CB0-B262-D0BA8317C013}.Release|iPhoneSimulator.Build.0 = Release|Any CPU
		{49852A7F-CC39-4CB0-B262-D0BA8317C013}.Release|iPhoneSimulator.Deploy.0 = Release|Any CPU
		{49852A7F-CC39-4CB0-B262-D0BA8317C013}.Release|x64.ActiveCfg = Release|Any CPU
		{49852A7F-CC39-4CB0-B262-D0BA8317C013}.Release|x64.Build.0 = Release|Any CPU
		{49852A7F-CC39-4CB0-B262-D0BA8317C013}.Release|x64.Deploy.0 = Release|Any CPU
		{49852A7F-CC39-4CB0-B262-D0BA8317C013}.Release|x86.ActiveCfg = Release|Any CPU
		{49852A7F-CC39-4CB0-B262-D0BA8317C013}.Release|x86.Build.0 = Release|Any CPU
		{49852A7F-CC39-4CB0-B262-D0BA8317C013}.Release|x86.Deploy.0 = Release|Any CPU
	EndGlobalSection
	GlobalSection(SolutionProperties) = preSolution
		HideSolutionNode = FALSE
	EndGlobalSection
	GlobalSection(ExtensibilityGlobals) = postSolution
		SolutionGuid = {3F34F40C-7A01-4642-837B-76C9A9EC8D6C}
	EndGlobalSection
EndGlobal
